
Microsoft Visual Studio Solution File, Format Version 12.00
# Visual Studio 15
VisualStudioVersion = 15.0.26124.0
MinimumVisualStudioVersion = 15.0.26124.0
Project("{FAE04EC0-301F-11D3-BF4B-00C04F79EFBC}") = "3djcp3264core", "3djcp3264core\3djcp3264core.csproj", "{D2C686F4-CB7B-4CBE-8168-778941122FD9}"
EndProject
Project("{FAE04EC0-301F-11D3-BF4B-00C04F79EFBC}") = "3djcp3264test", "3djcp3264test\3djcp3264test.csproj", "{C8A2284B-315B-4F52-AF8D-864C540B635D}"
EndProject
Global
	GlobalSection(SolutionConfigurationPlatforms) = preSolution
		Debug|Any CPU = Debug|Any CPU
		Debug|x64 = Debug|x64
		Debug|x86 = Debug|x86
		Release|Any CPU = Release|Any CPU
		Release|x64 = Release|x64
		Release|x86 = Release|x86
	EndGlobalSection
	GlobalSection(SolutionProperties) = preSolution
		HideSolutionNode = FALSE
	EndGlobalSection
	GlobalSection(ProjectConfigurationPlatforms) = postSolution
		{D2C686F4-CB7B-4CBE-8168-778941122FD9}.Debug|Any CPU.ActiveCfg = Debug|Any CPU
		{D2C686F4-CB7B-4CBE-8168-778941122FD9}.Debug|Any CPU.Build.0 = Debug|Any CPU
		{D2C686F4-CB7B-4CBE-8168-778941122FD9}.Debug|x64.ActiveCfg = Debug|Any CPU
		{D2C686F4-CB7B-4CBE-8168-778941122FD9}.Debug|x64.Build.0 = Debug|Any CPU
		{D2C686F4-CB7B-4CBE-8168-778941122FD9}.Debug|x86.ActiveCfg = Debug|Any CPU
		{D2C686F4-CB7B-4CBE-8168-778941122FD9}.Debug|x86.Build.0 = Debug|Any CPU
		{D2C686F4-CB7B-4CBE-8168-778941122FD9}.Release|Any CPU.ActiveCfg = Release|Any CPU
		{D2C686F4-CB7B-4CBE-8168-778941122FD9}.Release|Any CPU.Build.0 = Release|Any CPU
		{D2C686F4-CB7B-4CBE-8168-778941122FD9}.Release|x64.ActiveCfg = Release|Any CPU
		{D2C686F4-CB7B-4CBE-8168-778941122FD9}.Release|x64.Build.0 = Release|Any CPU
		{D2C686F4-CB7B-4CBE-8168-778941122FD9}.Release|x86.ActiveCfg = Release|Any CPU
		{D2C686F4-CB7B-4CBE-8168-778941122FD9}.Release|x86.Build.0 = Release|Any CPU
		{C8A2284B-315B-4F52-AF8D-864C540B635D}.Debug|Any CPU.ActiveCfg = Debug|Any CPU
		{C8A2284B-315B-4F52-AF8D-864C540B635D}.Debug|Any CPU.Build.0 = Debug|Any CPU
		{C8A2284B-315B-4F52-AF8D-864C540B635D}.Debug|x64.ActiveCfg = Debug|Any CPU
		{C8A2284B-315B-4F52-AF8D-864C540B635D}.Debug|x64.Build.0 = Debug|Any CPU
		{C8A2284B-315B-4F52-AF8D-864C540B635D}.Debug|x86.ActiveCfg = Debug|Any CPU
		{C8A2284B-315B-4F52-AF8D-864C540B635D}.Debug|x86.Build.0 = Debug|Any CPU
		{C8A2284B-315B-4F52-AF8D-864C540B635D}.Release|Any CPU.ActiveCfg = Release|Any CPU
		{C8A2284B-315B-4F52-AF8D-864C540B635D}.Release|Any CPU.Build.0 = Release|Any CPU
		{C8A2284B-315B-4F52-AF8D-864C540B635D}.Release|x64.ActiveCfg = Release|Any CPU
		{C8A2284B-315B-4F52-AF8D-864C540B635D}.Release|x64.Build.0 = Release|Any CPU
		{C8A2284B-315B-4F52-AF8D-864C540B635D}.Release|x86.ActiveCfg = Release|Any CPU
		{C8A2284B-315B-4F52-AF8D-864C540B635D}.Release|x86.Build.0 = Release|Any CPU
	EndGlobalSection
EndGlobal
